// !$*UTF8*$!
{
	archiveVersion = 1;
	classes = {
	};
	objectVersion = 46;
	objects = {

/* Begin PBXBuildFile section */
		8A9CEC521AF1D75300E4CCD9 /* main.m in Sources */ = {isa = PBXBuildFile; fileRef = 8A9CEC511AF1D75300E4CCD9 /* main.m */; };
		8A9CEC551AF1D75300E4CCD9 /* AppDelegate.m in Sources */ = {isa = PBXBuildFile; fileRef = 8A9CEC541AF1D75300E4CCD9 /* AppDelegate.m */; };
		8A9CEC581AF1D75300E4CCD9 /* MasterViewController.m in Sources */ = {isa = PBXBuildFile; fileRef = 8A9CEC571AF1D75300E4CCD9 /* MasterViewController.m */; };
		8A9CEC5B1AF1D75300E4CCD9 /* DetailViewController.m in Sources */ = {isa = PBXBuildFile; fileRef = 8A9CEC5A1AF1D75300E4CCD9 /* DetailViewController.m */; };
		8A9CEC5E1AF1D75300E4CCD9 /* Main.storyboard in Resources */ = {isa = PBXBuildFile; fileRef = 8A9CEC5C1AF1D75300E4CCD9 /* Main.storyboard */; };
		8A9CEC601AF1D75300E4CCD9 /* Images.xcassets in Resources */ = {isa = PBXBuildFile; fileRef = 8A9CEC5F1AF1D75300E4CCD9 /* Images.xcassets */; };
		8A9CEC631AF1D75300E4CCD9 /* LaunchScreen.xib in Resources */ = {isa = PBXBuildFile; fileRef = 8A9CEC611AF1D75300E4CCD9 /* LaunchScreen.xib */; };
		8A9CEC6F1AF1D75300E4CCD9 /* CocoaHeadsBnuDemoTests.m in Sources */ = {isa = PBXBuildFile; fileRef = 8A9CEC6E1AF1D75300E4CCD9 /* CocoaHeadsBnuDemoTests.m */; };
		8A9CEC7A1AF1D8F500E4CCD9 /* Bolts.framework in Frameworks */ = {isa = PBXBuildFile; fileRef = 8A9CEC781AF1D8F500E4CCD9 /* Bolts.framework */; };
		8A9CEC7B1AF1D8F500E4CCD9 /* Parse.framework in Frameworks */ = {isa = PBXBuildFile; fileRef = 8A9CEC791AF1D8F500E4CCD9 /* Parse.framework */; };
		8A9CEC7D1AF1D90A00E4CCD9 /* AudioToolbox.framework in Frameworks */ = {isa = PBXBuildFile; fileRef = 8A9CEC7C1AF1D90A00E4CCD9 /* AudioToolbox.framework */; };
		8A9CEC7F1AF1D91100E4CCD9 /* CFNetwork.framework in Frameworks */ = {isa = PBXBuildFile; fileRef = 8A9CEC7E1AF1D91100E4CCD9 /* CFNetwork.framework */; };
		8A9CEC821AF1D91900E4CCD9 /* CoreGraphics.framework in Frameworks */ = {isa = PBXBuildFile; fileRef = 8A9CEC801AF1D91900E4CCD9 /* CoreGraphics.framework */; };
		8A9CEC831AF1D91900E4CCD9 /* CoreLocation.framework in Frameworks */ = {isa = PBXBuildFile; fileRef = 8A9CEC811AF1D91900E4CCD9 /* CoreLocation.framework */; };
		8A9CEC851AF1D92200E4CCD9 /* MobileCoreServices.framework in Frameworks */ = {isa = PBXBuildFile; fileRef = 8A9CEC841AF1D92200E4CCD9 /* MobileCoreServices.framework */; };
		8A9CEC871AF1D92800E4CCD9 /* Security.framework in Frameworks */ = {isa = PBXBuildFile; fileRef = 8A9CEC861AF1D92800E4CCD9 /* Security.framework */; };
		8A9CEC891AF1D92D00E4CCD9 /* SystemConfiguration.framework in Frameworks */ = {isa = PBXBuildFile; fileRef = 8A9CEC881AF1D92D00E4CCD9 /* SystemConfiguration.framework */; };
		8A9CEC8B1AF1D93500E4CCD9 /* StoreKit.framework in Frameworks */ = {isa = PBXBuildFile; fileRef = 8A9CEC8A1AF1D93500E4CCD9 /* StoreKit.framework */; };
		8A9CEC8D1AF1D93B00E4CCD9 /* libz.dylib in Frameworks */ = {isa = PBXBuildFile; fileRef = 8A9CEC8C1AF1D93B00E4CCD9 /* libz.dylib */; };
		8A9CEC8F1AF1D94100E4CCD9 /* libsqlite3.dylib in Frameworks */ = {isa = PBXBuildFile; fileRef = 8A9CEC8E1AF1D94100E4CCD9 /* libsqlite3.dylib */; };
/* End PBXBuildFile section */

/* Begin PBXContainerItemProxy section */
		8A9CEC691AF1D75300E4CCD9 /* PBXContainerItemProxy */ = {
			isa = PBXContainerItemProxy;
			containerPortal = 8A9CEC441AF1D75300E4CCD9 /* Project object */;
			proxyType = 1;
			remoteGlobalIDString = 8A9CEC4B1AF1D75300E4CCD9;
			remoteInfo = CocoaHeadsBnuDemo;
		};
/* End PBXContainerItemProxy section */

/* Begin PBXFileReference section */
		8A9CEC4C1AF1D75300E4CCD9 /* CocoaHeadsBnuDemo.app */ = {isa = PBXFileReference; explicitFileType = wrapper.application; includeInIndex = 0; path = CocoaHeadsBnuDemo.app; sourceTree = BUILT_PRODUCTS_DIR; };
		8A9CEC501AF1D75300E4CCD9 /* Info.plist */ = {isa = PBXFileReference; lastKnownFileType = text.plist.xml; path = Info.plist; sourceTree = "<group>"; };
		8A9CEC511AF1D75300E4CCD9 /* main.m */ = {isa = PBXFileReference; lastKnownFileType = sourcecode.c.objc; path = main.m; sourceTree = "<group>"; };
		8A9CEC531AF1D75300E4CCD9 /* AppDelegate.h */ = {isa = PBXFileReference; lastKnownFileType = sourcecode.c.h; path = AppDelegate.h; sourceTree = "<group>"; };
		8A9CEC541AF1D75300E4CCD9 /* AppDelegate.m */ = {isa = PBXFileReference; lastKnownFileType = sourcecode.c.objc; path = AppDelegate.m; sourceTree = "<group>"; };
		8A9CEC561AF1D75300E4CCD9 /* MasterViewController.h */ = {isa = PBXFileReference; lastKnownFileType = sourcecode.c.h; path = MasterViewController.h; sourceTree = "<group>"; };
		8A9CEC571AF1D75300E4CCD9 /* MasterViewController.m */ = {isa = PBXFileReference; lastKnownFileType = sourcecode.c.objc; path = MasterViewController.m; sourceTree = "<group>"; };
		8A9CEC591AF1D75300E4CCD9 /* DetailViewController.h */ = {isa = PBXFileReference; lastKnownFileType = sourcecode.c.h; path = DetailViewController.h; sourceTree = "<group>"; };
		8A9CEC5A1AF1D75300E4CCD9 /* DetailViewController.m */ = {isa = PBXFileReference; lastKnownFileType = sourcecode.c.objc; path = DetailViewController.m; sourceTree = "<group>"; };
		8A9CEC5D1AF1D75300E4CCD9 /* Base */ = {isa = PBXFileReference; lastKnownFileType = file.storyboard; name = Base; path = Base.lproj/Main.storyboard; sourceTree = "<group>"; };
		8A9CEC5F1AF1D75300E4CCD9 /* Images.xcassets */ = {isa = PBXFileReference; lastKnownFileType = folder.assetcatalog; path = Images.xcassets; sourceTree = "<group>"; };
		8A9CEC621AF1D75300E4CCD9 /* Base */ = {isa = PBXFileReference; lastKnownFileType = file.xib; name = Base; path = Base.lproj/LaunchScreen.xib; sourceTree = "<group>"; };
		8A9CEC681AF1D75300E4CCD9 /* CocoaHeadsBnuDemoTests.xctest */ = {isa = PBXFileReference; explicitFileType = wrapper.cfbundle; includeInIndex = 0; path = CocoaHeadsBnuDemoTests.xctest; sourceTree = BUILT_PRODUCTS_DIR; };
		8A9CEC6D1AF1D75300E4CCD9 /* Info.plist */ = {isa = PBXFileReference; lastKnownFileType = text.plist.xml; path = Info.plist; sourceTree = "<group>"; };
		8A9CEC6E1AF1D75300E4CCD9 /* CocoaHeadsBnuDemoTests.m */ = {isa = PBXFileReference; lastKnownFileType = sourcecode.c.objc; path = CocoaHeadsBnuDemoTests.m; sourceTree = "<group>"; };
		8A9CEC781AF1D8F500E4CCD9 /* Bolts.framework */ = {isa = PBXFileReference; lastKnownFileType = wrapper.framework; name = Bolts.framework; path = "../../../Downloads/parse-library-1/Bolts.framework"; sourceTree = "<group>"; };
		8A9CEC791AF1D8F500E4CCD9 /* Parse.framework */ = {isa = PBXFileReference; lastKnownFileType = wrapper.framework; name = Parse.framework; path = "../../../Downloads/parse-library-1/Parse.framework"; sourceTree = "<group>"; };
		8A9CEC7C1AF1D90A00E4CCD9 /* AudioToolbox.framework */ = {isa = PBXFileReference; lastKnownFileType = wrapper.framework; name = AudioToolbox.framework; path = System/Library/Frameworks/AudioToolbox.framework; sourceTree = SDKROOT; };
		8A9CEC7E1AF1D91100E4CCD9 /* CFNetwork.framework */ = {isa = PBXFileReference; lastKnownFileType = wrapper.framework; name = CFNetwork.framework; path = System/Library/Frameworks/CFNetwork.framework; sourceTree = SDKROOT; };
		8A9CEC801AF1D91900E4CCD9 /* CoreGraphics.framework */ = {isa = PBXFileReference; lastKnownFileType = wrapper.framework; name = CoreGraphics.framework; path = System/Library/Frameworks/CoreGraphics.framework; sourceTree = SDKROOT; };
		8A9CEC811AF1D91900E4CCD9 /* CoreLocation.framework */ = {isa = PBXFileReference; lastKnownFileType = wrapper.framework; name = CoreLocation.framework; path = System/Library/Frameworks/CoreLocation.framework; sourceTree = SDKROOT; };
		8A9CEC841AF1D92200E4CCD9 /* MobileCoreServices.framework */ = {isa = PBXFileReference; lastKnownFileType = wrapper.framework; name = MobileCoreServices.framework; path = System/Library/Frameworks/MobileCoreServices.framework; sourceTree = SDKROOT; };
		8A9CEC861AF1D92800E4CCD9 /* Security.framework */ = {isa = PBXFileReference; lastKnownFileType = wrapper.framework; name = Security.framework; path = System/Library/Frameworks/Security.framework; sourceTree = SDKROOT; };
		8A9CEC881AF1D92D00E4CCD9 /* SystemConfiguration.framework */ = {isa = PBXFileReference; lastKnownFileType = wrapper.framework; name = SystemConfiguration.framework; path = System/Library/Frameworks/SystemConfiguration.framework; sourceTree = SDKROOT; };
		8A9CEC8A1AF1D93500E4CCD9 /* StoreKit.framework */ = {isa = PBXFileReference; lastKnownFileType = wrapper.framework; name = StoreKit.framework; path = System/Library/Frameworks/StoreKit.framework; sourceTree = SDKROOT; };
		8A9CEC8C1AF1D93B00E4CCD9 /* libz.dylib */ = {isa = PBXFileReference; lastKnownFileType = "compiled.mach-o.dylib"; name = libz.dylib; path = usr/lib/libz.dylib; sourceTree = SDKROOT; };
		8A9CEC8E1AF1D94100E4CCD9 /* libsqlite3.dylib */ = {isa = PBXFileReference; lastKnownFileType = "compiled.mach-o.dylib"; name = libsqlite3.dylib; path = usr/lib/libsqlite3.dylib; sourceTree = SDKROOT; };
/* End PBXFileReference section */

/* Begin PBXFrameworksBuildPhase section */
		8A9CEC491AF1D75300E4CCD9 /* Frameworks */ = {
			isa = PBXFrameworksBuildPhase;
			buildActionMask = 2147483647;
			files = (
				8A9CEC8F1AF1D94100E4CCD9 /* libsqlite3.dylib in Frameworks */,
				8A9CEC8D1AF1D93B00E4CCD9 /* libz.dylib in Frameworks */,
				8A9CEC8B1AF1D93500E4CCD9 /* StoreKit.framework in Frameworks */,
				8A9CEC891AF1D92D00E4CCD9 /* SystemConfiguration.framework in Frameworks */,
				8A9CEC871AF1D92800E4CCD9 /* Security.framework in Frameworks */,
				8A9CEC851AF1D92200E4CCD9 /* MobileCoreServices.framework in Frameworks */,
				8A9CEC821AF1D91900E4CCD9 /* CoreGraphics.framework in Frameworks */,
				8A9CEC831AF1D91900E4CCD9 /* CoreLocation.framework in Frameworks */,
				8A9CEC7F1AF1D91100E4CCD9 /* CFNetwork.framework in Frameworks */,
				8A9CEC7D1AF1D90A00E4CCD9 /* AudioToolbox.framework in Frameworks */,
				8A9CEC7A1AF1D8F500E4CCD9 /* Bolts.framework in Frameworks */,
				8A9CEC7B1AF1D8F500E4CCD9 /* Parse.framework in Frameworks */,
			);
			runOnlyForDeploymentPostprocessing = 0;
		};
		8A9CEC651AF1D75300E4CCD9 /* Frameworks */ = {
			isa = PBXFrameworksBuildPhase;
			buildActionMask = 2147483647;
			files = (
			);
			runOnlyForDeploymentPostprocessing = 0;
		};
/* End PBXFrameworksBuildPhase section */

/* Begin PBXGroup section */
		8A9CEC431AF1D75300E4CCD9 = {
			isa = PBXGroup;
			children = (
				8A9CEC8E1AF1D94100E4CCD9 /* libsqlite3.dylib */,
				8A9CEC8C1AF1D93B00E4CCD9 /* libz.dylib */,
				8A9CEC8A1AF1D93500E4CCD9 /* StoreKit.framework */,
				8A9CEC881AF1D92D00E4CCD9 /* SystemConfiguration.framework */,
				8A9CEC861AF1D92800E4CCD9 /* Security.framework */,
				8A9CEC841AF1D92200E4CCD9 /* MobileCoreServices.framework */,
				8A9CEC801AF1D91900E4CCD9 /* CoreGraphics.framework */,
				8A9CEC811AF1D91900E4CCD9 /* CoreLocation.framework */,
				8A9CEC7E1AF1D91100E4CCD9 /* CFNetwork.framework */,
				8A9CEC7C1AF1D90A00E4CCD9 /* AudioToolbox.framework */,
				8A9CEC781AF1D8F500E4CCD9 /* Bolts.framework */,
				8A9CEC791AF1D8F500E4CCD9 /* Parse.framework */,
				8A9CEC4E1AF1D75300E4CCD9 /* CocoaHeadsBnuDemo */,
				8A9CEC6B1AF1D75300E4CCD9 /* CocoaHeadsBnuDemoTests */,
				8A9CEC4D1AF1D75300E4CCD9 /* Products */,
			);
			sourceTree = "<group>";
		};
		8A9CEC4D1AF1D75300E4CCD9 /* Products */ = {
			isa = PBXGroup;
			children = (
				8A9CEC4C1AF1D75300E4CCD9 /* CocoaHeadsBnuDemo.app */,
				8A9CEC681AF1D75300E4CCD9 /* CocoaHeadsBnuDemoTests.xctest */,
			);
			name = Products;
			sourceTree = "<group>";
		};
		8A9CEC4E1AF1D75300E4CCD9 /* CocoaHeadsBnuDemo */ = {
			isa = PBXGroup;
			children = (
				8A9CEC531AF1D75300E4CCD9 /* AppDelegate.h */,
				8A9CEC541AF1D75300E4CCD9 /* AppDelegate.m */,
				8A9CEC561AF1D75300E4CCD9 /* MasterViewController.h */,
				8A9CEC571AF1D75300E4CCD9 /* MasterViewController.m */,
				8A9CEC591AF1D75300E4CCD9 /* DetailViewController.h */,
				8A9CEC5A1AF1D75300E4CCD9 /* DetailViewController.m */,
				8A9CEC5C1AF1D75300E4CCD9 /* Main.storyboard */,
				8A9CEC5F1AF1D75300E4CCD9 /* Images.xcassets */,
				8A9CEC611AF1D75300E4CCD9 /* LaunchScreen.xib */,
				8A9CEC4F1AF1D75300E4CCD9 /* Supporting Files */,
			);
			path = CocoaHeadsBnuDemo;
			sourceTree = "<group>";
		};
		8A9CEC4F1AF1D75300E4CCD9 /* Supporting Files */ = {
			isa = PBXGroup;
			children = (
				8A9CEC501AF1D75300E4CCD9 /* Info.plist */,
				8A9CEC511AF1D75300E4CCD9 /* main.m */,
			);
			name = "Supporting Files";
			sourceTree = "<group>";
		};
		8A9CEC6B1AF1D75300E4CCD9 /* CocoaHeadsBnuDemoTests */ = {
			isa = PBXGroup;
			children = (
				8A9CEC6E1AF1D75300E4CCD9 /* CocoaHeadsBnuDemoTests.m */,
				8A9CEC6C1AF1D75300E4CCD9 /* Supporting Files */,
			);
			path = CocoaHeadsBnuDemoTests;
			sourceTree = "<group>";
		};
		8A9CEC6C1AF1D75300E4CCD9 /* Supporting Files */ = {
			isa = PBXGroup;
			children = (
				8A9CEC6D1AF1D75300E4CCD9 /* Info.plist */,
			);
			name = "Supporting Files";
			sourceTree = "<group>";
		};
/* End PBXGroup section */

/* Begin PBXNativeTarget section */
		8A9CEC4B1AF1D75300E4CCD9 /* CocoaHeadsBnuDemo */ = {
			isa = PBXNativeTarget;
			buildConfigurationList = 8A9CEC721AF1D75300E4CCD9 /* Build configuration list for PBXNativeTarget "CocoaHeadsBnuDemo" */;
			buildPhases = (
				8A9CEC481AF1D75300E4CCD9 /* Sources */,
				8A9CEC491AF1D75300E4CCD9 /* Frameworks */,
				8A9CEC4A1AF1D75300E4CCD9 /* Resources */,
			);
			buildRules = (
			);
			dependencies = (
			);
			name = CocoaHeadsBnuDemo;
			productName = CocoaHeadsBnuDemo;
			productReference = 8A9CEC4C1AF1D75300E4CCD9 /* CocoaHeadsBnuDemo.app */;
			productType = "com.apple.product-type.application";
		};
		8A9CEC671AF1D75300E4CCD9 /* CocoaHeadsBnuDemoTests */ = {
			isa = PBXNativeTarget;
			buildConfigurationList = 8A9CEC751AF1D75300E4CCD9 /* Build configuration list for PBXNativeTarget "CocoaHeadsBnuDemoTests" */;
			buildPhases = (
				8A9CEC641AF1D75300E4CCD9 /* Sources */,
				8A9CEC651AF1D75300E4CCD9 /* Frameworks */,
				8A9CEC661AF1D75300E4CCD9 /* Resources */,
			);
			buildRules = (
			);
			dependencies = (
				8A9CEC6A1AF1D75300E4CCD9 /* PBXTargetDependency */,
			);
			name = CocoaHeadsBnuDemoTests;
			productName = CocoaHeadsBnuDemoTests;
			productReference = 8A9CEC681AF1D75300E4CCD9 /* CocoaHeadsBnuDemoTests.xctest */;
			productType = "com.apple.product-type.bundle.unit-test";
		};
/* End PBXNativeTarget section */

/* Begin PBXProject section */
		8A9CEC441AF1D75300E4CCD9 /* Project object */ = {
			isa = PBXProject;
			attributes = {
				LastUpgradeCheck = 0630;
				ORGANIZATIONNAME = PremierSoft;
				TargetAttributes = {
					8A9CEC4B1AF1D75300E4CCD9 = {
						CreatedOnToolsVersion = 6.3.1;
					};
					8A9CEC671AF1D75300E4CCD9 = {
						CreatedOnToolsVersion = 6.3.1;
						TestTargetID = 8A9CEC4B1AF1D75300E4CCD9;
					};
				};
			};
			buildConfigurationList = 8A9CEC471AF1D75300E4CCD9 /* Build configuration list for PBXProject "CocoaHeadsBnuDemo" */;
			compatibilityVersion = "Xcode 3.2";
			developmentRegion = English;
			hasScannedForEncodings = 0;
			knownRegions = (
				en,
				Base,
			);
			mainGroup = 8A9CEC431AF1D75300E4CCD9;
			productRefGroup = 8A9CEC4D1AF1D75300E4CCD9 /* Products */;
			projectDirPath = "";
			projectRoot = "";
			targets = (
				8A9CEC4B1AF1D75300E4CCD9 /* CocoaHeadsBnuDemo */,
				8A9CEC671AF1D75300E4CCD9 /* CocoaHeadsBnuDemoTests */,
			);
		};
/* End PBXProject section */

/* Begin PBXResourcesBuildPhase section */
		8A9CEC4A1AF1D75300E4CCD9 /* Resources */ = {
			isa = PBXResourcesBuildPhase;
			buildActionMask = 2147483647;
			files = (
				8A9CEC5E1AF1D75300E4CCD9 /* Main.storyboard in Resources */,
				8A9CEC631AF1D75300E4CCD9 /* LaunchScreen.xib in Resources */,
				8A9CEC601AF1D75300E4CCD9 /* Images.xcassets in Resources */,
			);
			runOnlyForDeploymentPostprocessing = 0;
		};
		8A9CEC661AF1D75300E4CCD9 /* Resources */ = {
			isa = PBXResourcesBuildPhase;
			buildActionMask = 2147483647;
			files = (
			);
			runOnlyForDeploymentPostprocessing = 0;
		};
/* End PBXResourcesBuildPhase section */

/* Begin PBXSourcesBuildPhase section */
		8A9CEC481AF1D75300E4CCD9 /* Sources */ = {
			isa = PBXSourcesBuildPhase;
			buildActionMask = 2147483647;
			files = (
				8A9CEC551AF1D75300E4CCD9 /* AppDelegate.m in Sources */,
				8A9CEC581AF1D75300E4CCD9 /* MasterViewController.m in Sources */,
				8A9CEC521AF1D75300E4CCD9 /* main.m in Sources */,
				8A9CEC5B1AF1D75300E4CCD9 /* DetailViewController.m in Sources */,
			);
			runOnlyForDeploymentPostprocessing = 0;
		};
		8A9CEC641AF1D75300E4CCD9 /* Sources */ = {
			isa = PBXSourcesBuildPhase;
			buildActionMask = 2147483647;
			files = (
				8A9CEC6F1AF1D75300E4CCD9 /* CocoaHeadsBnuDemoTests.m in Sources */,
			);
			runOnlyForDeploymentPostprocessing = 0;
		};
/* End PBXSourcesBuildPhase section */

/* Begin PBXTargetDependency section */
		8A9CEC6A1AF1D75300E4CCD9 /* PBXTargetDependency */ = {
			isa = PBXTargetDependency;
			target = 8A9CEC4B1AF1D75300E4CCD9 /* CocoaHeadsBnuDemo */;
			targetProxy = 8A9CEC691AF1D75300E4CCD9 /* PBXContainerItemProxy */;
		};
/* End PBXTargetDependency section */

/* Begin PBXVariantGroup section */
		8A9CEC5C1AF1D75300E4CCD9 /* Main.storyboard */ = {
			isa = PBXVariantGroup;
			children = (
				8A9CEC5D1AF1D75300E4CCD9 /* Base */,
			);
			name = Main.storyboard;
			sourceTree = "<group>";
		};
		8A9CEC611AF1D75300E4CCD9 /* LaunchScreen.xib */ = {
			isa = PBXVariantGroup;
			children = (
				8A9CEC621AF1D75300E4CCD9 /* Base */,
			);
			name = LaunchScreen.xib;
			sourceTree = "<group>";
		};
/* End PBXVariantGroup section */

/* Begin XCBuildConfiguration section */
		8A9CEC701AF1D75300E4CCD9 /* Debug */ = {
			isa = XCBuildConfiguration;
			buildSettings = {
				ALWAYS_SEARCH_USER_PATHS = NO;
				CLANG_CXX_LANGUAGE_STANDARD = "gnu++0x";
				CLANG_CXX_LIBRARY = "libc++";
				CLANG_ENABLE_MODULES = YES;
				CLANG_ENABLE_OBJC_ARC = YES;
				CLANG_WARN_BOOL_CONVERSION = YES;
				CLANG_WARN_CONSTANT_CONVERSION = YES;
				CLANG_WARN_DIRECT_OBJC_ISA_USAGE = YES_ERROR;
				CLANG_WARN_EMPTY_BODY = YES;
				CLANG_WARN_ENUM_CONVERSION = YES;
				CLANG_WARN_INT_CONVERSION = YES;
				CLANG_WARN_OBJC_ROOT_CLASS = YES_ERROR;
				CLANG_WARN_UNREACHABLE_CODE = YES;
				CLANG_WARN__DUPLICATE_METHOD_MATCH = YES;
				"CODE_SIGN_IDENTITY[sdk=iphoneos*]" = "iPhone Developer";
				COPY_PHASE_STRIP = NO;
				DEBUG_INFORMATION_FORMAT = "dwarf-with-dsym";
				ENABLE_STRICT_OBJC_MSGSEND = YES;
				GCC_C_LANGUAGE_STANDARD = gnu99;
				GCC_DYNAMIC_NO_PIC = NO;
				GCC_NO_COMMON_BLOCKS = YES;
				GCC_OPTIMIZATION_LEVEL = 0;
				GCC_PREPROCESSOR_DEFINITIONS = (
					"DEBUG=1",
					"$(inherited)",
				);
				GCC_SYMBOLS_PRIVATE_EXTERN = NO;
				GCC_WARN_64_TO_32_BIT_CONVERSION = YES;
				GCC_WARN_ABOUT_RETURN_TYPE = YES_ERROR;
				GCC_WARN_UNDECLARED_SELECTOR = YES;
				GCC_WARN_UNINITIALIZED_AUTOS = YES_AGGRESSIVE;
				GCC_WARN_UNUSED_FUNCTION = YES;
				GCC_WARN_UNUSED_VARIABLE = YES;
				IPHONEOS_DEPLOYMENT_TARGET = 8.3;
				MTL_ENABLE_DEBUG_INFO = YES;
				ONLY_ACTIVE_ARCH = YES;
				SDKROOT = iphoneos;
			};
			name = Debug;
		};
		8A9CEC711AF1D75300E4CCD9 /* Release */ = {
			isa = XCBuildConfiguration;
			buildSettings = {
				ALWAYS_SEARCH_USER_PATHS = NO;
				CLANG_CXX_LANGUAGE_STANDARD = "gnu++0x";
				CLANG_CXX_LIBRARY = "libc++";
				CLANG_ENABLE_MODULES = YES;
				CLANG_ENABLE_OBJC_ARC = YES;
				CLANG_WARN_BOOL_CONVERSION = YES;
				CLANG_WARN_CONSTANT_CONVERSION = YES;
				CLANG_WARN_DIRECT_OBJC_ISA_USAGE = YES_ERROR;
				CLANG_WARN_EMPTY_BODY = YES;
				CLANG_WARN_ENUM_CONVERSION = YES;
				CLANG_WARN_INT_CONVERSION = YES;
				CLANG_WARN_OBJC_ROOT_CLASS = YES_ERROR;
				CLANG_WARN_UNREACHABLE_CODE = YES;
				CLANG_WARN__DUPLICATE_METHOD_MATCH = YES;
				"CODE_SIGN_IDENTITY[sdk=iphoneos*]" = "iPhone Developer";
				COPY_PHASE_STRIP = NO;
				DEBUG_INFORMATION_FORMAT = "dwarf-with-dsym";
				ENABLE_NS_ASSERTIONS = NO;
				ENABLE_STRICT_OBJC_MSGSEND = YES;
				GCC_C_LANGUAGE_STANDARD = gnu99;
				GCC_NO_COMMON_BLOCKS = YES;
				GCC_WARN_64_TO_32_BIT_CONVERSION = YES;
				GCC_WARN_ABOUT_RETURN_TYPE = YES_ERROR;
				GCC_WARN_UNDECLARED_SELECTOR = YES;
				GCC_WARN_UNINITIALIZED_AUTOS = YES_AGGRESSIVE;
				GCC_WARN_UNUSED_FUNCTION = YES;
				GCC_WARN_UNUSED_VARIABLE = YES;
				IPHONEOS_DEPLOYMENT_TARGET = 8.3;
				MTL_ENABLE_DEBUG_INFO = NO;
				SDKROOT = iphoneos;
				VALIDATE_PRODUCT = YES;
			};
			name = Release;
		};
		8A9CEC731AF1D75300E4CCD9 /* Debug */ = {
			isa = XCBuildConfiguration;
			buildSettings = {
				ASSETCATALOG_COMPILER_APPICON_NAME = AppIcon;
				FRAMEWORK_SEARCH_PATHS = (
					"$(inherited)",
					"/Users/jpros/Downloads/parse-library-1",
				);
				INFOPLIST_FILE = CocoaHeadsBnuDemo/Info.plist;
				LD_RUNPATH_SEARCH_PATHS = "$(inherited) @executable_path/Frameworks";
				PRODUCT_NAME = "$(TARGET_NAME)";
			};
			name = Debug;
		};
		8A9CEC741AF1D75300E4CCD9 /* Release */ = {
			isa = XCBuildConfiguration;
			buildSettings = {
				ASSETCATALOG_COMPILER_APPICON_NAME = AppIcon;
				FRAMEWORK_SEARCH_PATHS = (
					"$(inherited)",
					"/Users/jpros/Downloads/parse-library-1",
				);
				INFOPLIST_FILE = CocoaHeadsBnuDemo/Info.plist;
				LD_RUNPATH_SEARCH_PATHS = "$(inherited) @executable_path/Frameworks";
				PRODUCT_NAME = "$(TARGET_NAME)";
			};
			name = Release;
		};
		8A9CEC761AF1D75300E4CCD9 /* Debug */ = {
			isa = XCBuildConfiguration;
			buildSettings = {
				BUNDLE_LOADER = "$(TEST_HOST)";
				FRAMEWORK_SEARCH_PATHS = (
					"$(SDKROOT)/Developer/Library/Frameworks",
					"$(inherited)",
				);
				GCC_PREPROCESSOR_DEFINITIONS = (
					"DEBUG=1",
					"$(inherited)",
				);
				INFOPLIST_FILE = CocoaHeadsBnuDemoTests/Info.plist;
				LD_RUNPATH_SEARCH_PATHS = "$(inherited) @executable_path/Frameworks @loader_path/Frameworks";
				PRODUCT_NAME = "$(TARGET_NAME)";
				TEST_HOST = "$(BUILT_PRODUCTS_DIR)/CocoaHeadsBnuDemo.app/CocoaHeadsBnuDemo";
			};
			name = Debug;
		};
		8A9CEC771AF1D75300E4CCD9 /* Release */ = {
			isa = XCBuildConfiguration;
			buildSettings = {
				BUNDLE_LOADER = "$(TEST_HOST)";
				FRAMEWORK_SEARCH_PATHS = (
					"$(SDKROOT)/Developer/Library/Frameworks",
					"$(inherited)",
				);
				INFOPLIST_FILE = CocoaHeadsBnuDemoTests/Info.plist;
				LD_RUNPATH_SEARCH_PATHS = "$(inherited) @executable_path/Frameworks @loader_path/Frameworks";
				PRODUCT_NAME = "$(TARGET_NAME)";
				TEST_HOST = "$(BUILT_PRODUCTS_DIR)/CocoaHeadsBnuDemo.app/CocoaHeadsBnuDemo";
			};
			name = Release;
		};
/* End XCBuildConfiguration section */

/* Begin XCConfigurationList section */
		8A9CEC471AF1D75300E4CCD9 /* Build configuration list for PBXProject "CocoaHeadsBnuDemo" */ = {
			isa = XCConfigurationList;
			buildConfigurations = (
				8A9CEC701AF1D75300E4CCD9 /* Debug */,
				8A9CEC711AF1D75300E4CCD9 /* Release */,
			);
			defaultConfigurationIsVisible = 0;
			defaultConfigurationName = Release;
		};
		8A9CEC721AF1D75300E4CCD9 /* Build configuration list for PBXNativeTarget "CocoaHeadsBnuDemo" */ = {
			isa = XCConfigurationList;
			buildConfigurations = (
				8A9CEC731AF1D75300E4CCD9 /* Debug */,
				8A9CEC741AF1D75300E4CCD9 /* Release */,
			);
			defaultConfigurationIsVisible = 0;
		};
		8A9CEC751AF1D75300E4CCD9 /* Build configuration list for PBXNativeTarget "CocoaHeadsBnuDemoTests" */ = {
			isa = XCConfigurationList;
			buildConfigurations = (
				8A9CEC761AF1D75300E4CCD9 /* Debug */,
				8A9CEC771AF1D75300E4CCD9 /* Release */,
			);
			defaultConfigurationIsVisible = 0;
		};
/* End XCConfigurationList section */
	};
	rootObject = 8A9CEC441AF1D75300E4CCD9 /* Project object */;
}
